
Microsoft Visual Studio Solution File, Format Version 12.00
# Visual Studio Version 16
VisualStudioVersion = 16.0.31911.196
MinimumVisualStudioVersion = 10.0.40219.1
Project("{FAE04EC0-301F-11D3-BF4B-00C04F79EFBC}") = "LocalDatabaseTutorial.Android", "LocalDatabaseTutorial\LocalDatabaseTutorial.Android\LocalDatabaseTutorial.Android.csproj", "{49634623-90D4-49FD-B2C2-BFA41E640CEE}"
EndProject
Project("{FAE04EC0-301F-11D3-BF4B-00C04F79EFBC}") = "LocalDatabaseTutorial", "LocalDatabaseTutorial\LocalDatabaseTutorial\LocalDatabaseTutorial.csproj", "{D8D1C769-6C0E-49C4-A932-2C9E556AB379}"
EndProject
Global
	GlobalSection(SolutionConfigurationPlatforms) = preSolution
		Debug|Any CPU = Debug|Any CPU
		Release|Any CPU = Release|Any CPU
	EndGlobalSection
	GlobalSection(ProjectConfigurationPlatforms) = postSolution
		{49634623-90D4-49FD-B2C2-BFA41E640CEE}.Debug|Any CPU.ActiveCfg = Debug|Any CPU
		{49634623-90D4-49FD-B2C2-BFA41E640CEE}.Debug|Any CPU.Build.0 = Debug|Any CPU
		{49634623-90D4-49FD-B2C2-BFA41E640CEE}.Debug|Any CPU.Deploy.0 = Debug|Any CPU
		{49634623-90D4-49FD-B2C2-BFA41E640CEE}.Release|Any CPU.ActiveCfg = Release|Any CPU
		{49634623-90D4-49FD-B2C2-BFA41E640CEE}.Release|Any CPU.Build.0 = Release|Any CPU
		{49634623-90D4-49FD-B2C2-BFA41E640CEE}.Release|Any CPU.Deploy.0 = Release|Any CPU
		{D8D1C769-6C0E-49C4-A932-2C9E556AB379}.Debug|Any CPU.ActiveCfg = Debug|Any CPU
		{D8D1C769-6C0E-49C4-A932-2C9E556AB379}.Debug|Any CPU.Build.0 = Debug|Any CPU
		{D8D1C769-6C0E-49C4-A932-2C9E556AB379}.Debug|Any CPU.Deploy.0 = Debug|Any CPU
		{D8D1C769-6C0E-49C4-A932-2C9E556AB379}.Release|Any CPU.ActiveCfg = Release|Any CPU
		{D8D1C769-6C0E-49C4-A932-2C9E556AB379}.Release|Any CPU.Build.0 = Release|Any CPU
		{D8D1C769-6C0E-49C4-A932-2C9E556AB379}.Release|Any CPU.Deploy.0 = Release|Any CPU
	EndGlobalSection
	GlobalSection(SolutionProperties) = preSolution
		HideSolutionNode = FALSE
	EndGlobalSection
	GlobalSection(ExtensibilityGlobals) = postSolution
		SolutionGuid = {7AF948F6-E17C-4DF5-B08A-772BFBEDF01D}
	EndGlobalSection
EndGlobal
